
Microsoft Visual Studio Solution File, Format Version 12.00
# Visual Studio 14
VisualStudioVersion = 14.0.25420.1
MinimumVisualStudioVersion = 10.0.40219.1
Project("{FAE04EC0-301F-11D3-BF4B-00C04F79EFBC}") = "CommonObjects", "CommonObjects\CommonObjects.csproj", "{41F67E22-E10B-49AB-B850-F7D93F1DE90B}"
EndProject
Project("{FAE04EC0-301F-11D3-BF4B-00C04F79EFBC}") = "Server API", "Server API\Server API.csproj", "{9B8CB54B-D561-48D7-AAD5-58D8A79E7AD3}"
EndProject
Project("{FAE04EC0-301F-11D3-BF4B-00C04F79EFBC}") = "AttendanceUserInterface", "AttendanceUserInterface\AttendanceUserInterface.csproj", "{0CA0EE60-2B85-480D-9764-0905E7455787}"
EndProject
Project("{FAE04EC0-301F-11D3-BF4B-00C04F79EFBC}") = "Client", "Client\Client.csproj", "{9B97FEB1-0001-462E-93B7-FCCFF766D5C0}"
EndProject
Project("{2150E333-8FDC-42A3-9474-1A3956D46DE8}") = "Video S00015630", "Video S00015630", "{825F56A1-DD71-4C28-AA09-1196746FEAEF}"
	ProjectSection(SolutionItems) = preProject
		..\..\..\Downloads\S00015630.webm = ..\..\..\Downloads\S00015630.webm
	EndProjectSection
EndProject
Global
	GlobalSection(SolutionConfigurationPlatforms) = preSolution
		Debug|Any CPU = Debug|Any CPU
		Release|Any CPU = Release|Any CPU
	EndGlobalSection
	GlobalSection(ProjectConfigurationPlatforms) = postSolution
		{41F67E22-E10B-49AB-B850-F7D93F1DE90B}.Debug|Any CPU.ActiveCfg = Debug|Any CPU
		{41F67E22-E10B-49AB-B850-F7D93F1DE90B}.Debug|Any CPU.Build.0 = Debug|Any CPU
		{41F67E22-E10B-49AB-B850-F7D93F1DE90B}.Release|Any CPU.ActiveCfg = Release|Any CPU
		{41F67E22-E10B-49AB-B850-F7D93F1DE90B}.Release|Any CPU.Build.0 = Release|Any CPU
		{9B8CB54B-D561-48D7-AAD5-58D8A79E7AD3}.Debug|Any CPU.ActiveCfg = Debug|Any CPU
		{9B8CB54B-D561-48D7-AAD5-58D8A79E7AD3}.Debug|Any CPU.Build.0 = Debug|Any CPU
		{9B8CB54B-D561-48D7-AAD5-58D8A79E7AD3}.Release|Any CPU.ActiveCfg = Release|Any CPU
		{9B8CB54B-D561-48D7-AAD5-58D8A79E7AD3}.Release|Any CPU.Build.0 = Release|Any CPU
		{0CA0EE60-2B85-480D-9764-0905E7455787}.Debug|Any CPU.ActiveCfg = Debug|Any CPU
		{0CA0EE60-2B85-480D-9764-0905E7455787}.Debug|Any CPU.Build.0 = Debug|Any CPU
		{0CA0EE60-2B85-480D-9764-0905E7455787}.Release|Any CPU.ActiveCfg = Release|Any CPU
		{0CA0EE60-2B85-480D-9764-0905E7455787}.Release|Any CPU.Build.0 = Release|Any CPU
		{9B97FEB1-0001-462E-93B7-FCCFF766D5C0}.Debug|Any CPU.ActiveCfg = Debug|Any CPU
		{9B97FEB1-0001-462E-93B7-FCCFF766D5C0}.Debug|Any CPU.Build.0 = Debug|Any CPU
		{9B97FEB1-0001-462E-93B7-FCCFF766D5C0}.Release|Any CPU.ActiveCfg = Release|Any CPU
		{9B97FEB1-0001-462E-93B7-FCCFF766D5C0}.Release|Any CPU.Build.0 = Release|Any CPU
	EndGlobalSection
	GlobalSection(SolutionProperties) = preSolution
		HideSolutionNode = FALSE
	EndGlobalSection
	GlobalSection(ExtensibilityGlobals) = postSolution
		SolutionGuid = {076FEBA5-D387-4B79-A11C-5E49B14DBCA2}
	EndGlobalSection
EndGlobal
